github.com/cossacklabs/themis v0.0.0-20201123031024-d97b7ca8158e h1:4vMrkr2VpQjv+M/Q8GYxYGkGSB5f5lC+EFK5bB4g6hk=
github.com/cossacklabs/themis/gothemis v0.13.1 h1:kesy0DWVKmIQVIjo0Py2M4xZ5cUEeMTCDSIPda1drHY=
github.com/cossacklabs/themis/gothemis v0.13.1/go.mod h1:6fvSguI8fMmChlgdG0cZywirhtTsRmp+/PsCWLDUID8=
github.com/gorilla/mux v1.8.0 h1:i40aqfkR1h2SlN9hojwV5ZA91wcXFOvkdNIeFDP5koI=
github.com/gorilla/mux v1.8.0/go.mod h1:DVbg23sWSpFRCP0SfiEN6jmj59UnW/n46BH5rLB71So=
